// !$*UTF8*$!
{
	archiveVersion = 1;
	classes = {
	};
	objectVersion = 50;
	objects = {

/* Begin PBXBuildFile section */
		72372ADF2370C8C100ED24DE /* AppDelegate.swift in Sources */ = {isa = PBXBuildFile; fileRef = 72372ADE2370C8C100ED24DE /* AppDelegate.swift */; };
		72372AE12370C8C100ED24DE /* SceneDelegate.swift in Sources */ = {isa = PBXBuildFile; fileRef = 72372AE02370C8C100ED24DE /* SceneDelegate.swift */; };
		72372AE32370C8C100ED24DE /* ContentView.swift in Sources */ = {isa = PBXBuildFile; fileRef = 72372AE22370C8C100ED24DE /* ContentView.swift */; };
		72372AE52370C8CB00ED24DE /* Assets.xcassets in Resources */ = {isa = PBXBuildFile; fileRef = 72372AE42370C8CB00ED24DE /* Assets.xcassets */; };
		72372AE82370C8CB00ED24DE /* Preview Assets.xcassets in Resources */ = {isa = PBXBuildFile; fileRef = 72372AE72370C8CB00ED24DE /* Preview Assets.xcassets */; };
		72372AEB2370C8CB00ED24DE /* LaunchScreen.storyboard in Resources */ = {isa = PBXBuildFile; fileRef = 72372AE92370C8CB00ED24DE /* LaunchScreen.storyboard */; };
		72372AF62370C8CB00ED24DE /* MemoryBankTests.swift in Sources */ = {isa = PBXBuildFile; fileRef = 72372AF52370C8CB00ED24DE /* MemoryBankTests.swift */; };
		72372B012370C8CB00ED24DE /* MemoryBankUITests.swift in Sources */ = {isa = PBXBuildFile; fileRef = 72372B002370C8CB00ED24DE /* MemoryBankUITests.swift */; };
/* End PBXBuildFile section */

/* Begin PBXContainerItemProxy section */
		72372AF22370C8CB00ED24DE /* PBXContainerItemProxy */ = {
			isa = PBXContainerItemProxy;
			containerPortal = 72372AD32370C8C100ED24DE /* Project object */;
			proxyType = 1;
			remoteGlobalIDString = 72372ADA2370C8C100ED24DE;
			remoteInfo = MemoryBank;
		};
		72372AFD2370C8CB00ED24DE /* PBXContainerItemProxy */ = {
			isa = PBXContainerItemProxy;
			containerPortal = 72372AD32370C8C100ED24DE /* Project object */;
			proxyType = 1;
			remoteGlobalIDString = 72372ADA2370C8C100ED24DE;
			remoteInfo = MemoryBank;
		};
/* End PBXContainerItemProxy section */

/* Begin PBXFileReference section */
		72372ADB2370C8C100ED24DE /* MemoryBank.app */ = {isa = PBXFileReference; explicitFileType = wrapper.application; includeInIndex = 0; path = MemoryBank.app; sourceTree = BUILT_PRODUCTS_DIR; };
		72372ADE2370C8C100ED24DE /* AppDelegate.swift */ = {isa = PBXFileReference; lastKnownFileType = sourcecode.swift; path = AppDelegate.swift; sourceTree = "<group>"; };
		72372AE02370C8C100ED24DE /* SceneDelegate.swift */ = {isa = PBXFileReference; lastKnownFileType = sourcecode.swift; path = SceneDelegate.swift; sourceTree = "<group>"; };
		72372AE22370C8C100ED24DE /* ContentView.swift */ = {isa = PBXFileReference; lastKnownFileType = sourcecode.swift; path = ContentView.swift; sourceTree = "<group>"; };
		72372AE42370C8CB00ED24DE /* Assets.xcassets */ = {isa = PBXFileReference; lastKnownFileType = folder.assetcatalog; path = Assets.xcassets; sourceTree = "<group>"; };
		72372AE72370C8CB00ED24DE /* Preview Assets.xcassets */ = {isa = PBXFileReference; lastKnownFileType = folder.assetcatalog; path = "Preview Assets.xcassets"; sourceTree = "<group>"; };
		72372AEA2370C8CB00ED24DE /* Base */ = {isa = PBXFileReference; lastKnownFileType = file.storyboard; name = Base; path = Base.lproj/LaunchScreen.storyboard; sourceTree = "<group>"; };
		72372AEC2370C8CB00ED24DE /* Info.plist */ = {isa = PBXFileReference; lastKnownFileType = text.plist.xml; path = Info.plist; sourceTree = "<group>"; };
		72372AF12370C8CB00ED24DE /* MemoryBankTests.xctest */ = {isa = PBXFileReference; explicitFileType = wrapper.cfbundle; includeInIndex = 0; path = MemoryBankTests.xctest; sourceTree = BUILT_PRODUCTS_DIR; };
		72372AF52370C8CB00ED24DE /* MemoryBankTests.swift */ = {isa = PBXFileReference; lastKnownFileType = sourcecode.swift; path = MemoryBankTests.swift; sourceTree = "<group>"; };
		72372AF72370C8CB00ED24DE /* Info.plist */ = {isa = PBXFileReference; lastKnownFileType = text.plist.xml; path = Info.plist; sourceTree = "<group>"; };
		72372AFC2370C8CB00ED24DE /* MemoryBankUITests.xctest */ = {isa = PBXFileReference; explicitFileType = wrapper.cfbundle; includeInIndex = 0; path = MemoryBankUITests.xctest; sourceTree = BUILT_PRODUCTS_DIR; };
		72372B002370C8CB00ED24DE /* MemoryBankUITests.swift */ = {isa = PBXFileReference; lastKnownFileType = sourcecode.swift; path = MemoryBankUITests.swift; sourceTree = "<group>"; };
		72372B022370C8CB00ED24DE /* Info.plist */ = {isa = PBXFileReference; lastKnownFileType = text.plist.xml; path = Info.plist; sourceTree = "<group>"; };
/* End PBXFileReference section */

/* Begin PBXFrameworksBuildPhase section */
		72372AD82370C8C100ED24DE /* Frameworks */ = {
			isa = PBXFrameworksBuildPhase;
			buildActionMask = 2147483647;
			files = (
			);
			runOnlyForDeploymentPostprocessing = 0;
		};
		72372AEE2370C8CB00ED24DE /* Frameworks */ = {
			isa = PBXFrameworksBuildPhase;
			buildActionMask = 2147483647;
			files = (
			);
			runOnlyForDeploymentPostprocessing = 0;
		};
		72372AF92370C8CB00ED24DE /* Frameworks */ = {
			isa = PBXFrameworksBuildPhase;
			buildActionMask = 2147483647;
			files = (
			);
			runOnlyForDeploymentPostprocessing = 0;
		};
/* End PBXFrameworksBuildPhase section */

/* Begin PBXGroup section */
		72372AD22370C8C100ED24DE = {
			isa = PBXGroup;
			children = (
				72372ADD2370C8C100ED24DE /* MemoryBank */,
				72372AF42370C8CB00ED24DE /* MemoryBankTests */,
				72372AFF2370C8CB00ED24DE /* MemoryBankUITests */,
				72372ADC2370C8C100ED24DE /* Products */,
			);
			sourceTree = "<group>";
		};
		72372ADC2370C8C100ED24DE /* Products */ = {
			isa = PBXGroup;
			children = (
				72372ADB2370C8C100ED24DE /* MemoryBank.app */,
				72372AF12370C8CB00ED24DE /* MemoryBankTests.xctest */,
				72372AFC2370C8CB00ED24DE /* MemoryBankUITests.xctest */,
			);
			name = Products;
			sourceTree = "<group>";
		};
		72372ADD2370C8C100ED24DE /* MemoryBank */ = {
			isa = PBXGroup;
			children = (
				72372ADE2370C8C100ED24DE /* AppDelegate.swift */,
				72372AE02370C8C100ED24DE /* SceneDelegate.swift */,
				72372AE22370C8C100ED24DE /* ContentView.swift */,
				72372AE42370C8CB00ED24DE /* Assets.xcassets */,
				72372AE92370C8CB00ED24DE /* LaunchScreen.storyboard */,
				72372AEC2370C8CB00ED24DE /* Info.plist */,
				72372AE62370C8CB00ED24DE /* Preview Content */,
			);
			path = MemoryBank;
			sourceTree = "<group>";
		};
		72372AE62370C8CB00ED24DE /* Preview Content */ = {
			isa = PBXGroup;
			children = (
				72372AE72370C8CB00ED24DE /* Preview Assets.xcassets */,
			);
			path = "Preview Content";
			sourceTree = "<group>";
		};
		72372AF42370C8CB00ED24DE /* MemoryBankTests */ = {
			isa = PBXGroup;
			children = (
				72372AF52370C8CB00ED24DE /* MemoryBankTests.swift */,
				72372AF72370C8CB00ED24DE /* Info.plist */,
			);
			path = MemoryBankTests;
			sourceTree = "<group>";
		};
		72372AFF2370C8CB00ED24DE /* MemoryBankUITests */ = {
			isa = PBXGroup;
			children = (
				72372B002370C8CB00ED24DE /* MemoryBankUITests.swift */,
				72372B022370C8CB00ED24DE /* Info.plist */,
			);
			path = MemoryBankUITests;
			sourceTree = "<group>";
		};
/* End PBXGroup section */

/* Begin PBXNativeTarget section */
		72372ADA2370C8C100ED24DE /* MemoryBank */ = {
			isa = PBXNativeTarget;
			buildConfigurationList = 72372B052370C8CB00ED24DE /* Build configuration list for PBXNativeTarget "MemoryBank" */;
			buildPhases = (
				72372AD72370C8C100ED24DE /* Sources */,
				72372AD82370C8C100ED24DE /* Frameworks */,
				72372AD92370C8C100ED24DE /* Resources */,
			);
			buildRules = (
			);
			dependencies = (
			);
			name = MemoryBank;
			productName = MemoryBank;
			productReference = 72372ADB2370C8C100ED24DE /* MemoryBank.app */;
			productType = "com.apple.product-type.application";
		};
		72372AF02370C8CB00ED24DE /* MemoryBankTests */ = {
			isa = PBXNativeTarget;
			buildConfigurationList = 72372B082370C8CB00ED24DE /* Build configuration list for PBXNativeTarget "MemoryBankTests" */;
			buildPhases = (
				72372AED2370C8CB00ED24DE /* Sources */,
				72372AEE2370C8CB00ED24DE /* Frameworks */,
				72372AEF2370C8CB00ED24DE /* Resources */,
			);
			buildRules = (
			);
			dependencies = (
				72372AF32370C8CB00ED24DE /* PBXTargetDependency */,
			);
			name = MemoryBankTests;
			productName = MemoryBankTests;
			productReference = 72372AF12370C8CB00ED24DE /* MemoryBankTests.xctest */;
			productType = "com.apple.product-type.bundle.unit-test";
		};
		72372AFB2370C8CB00ED24DE /* MemoryBankUITests */ = {
			isa = PBXNativeTarget;
			buildConfigurationList = 72372B0B2370C8CB00ED24DE /* Build configuration list for PBXNativeTarget "MemoryBankUITests" */;
			buildPhases = (
				72372AF82370C8CB00ED24DE /* Sources */,
				72372AF92370C8CB00ED24DE /* Frameworks */,
				72372AFA2370C8CB00ED24DE /* Resources */,
			);
			buildRules = (
			);
			dependencies = (
				72372AFE2370C8CB00ED24DE /* PBXTargetDependency */,
			);
			name = MemoryBankUITests;
			productName = MemoryBankUITests;
			productReference = 72372AFC2370C8CB00ED24DE /* MemoryBankUITests.xctest */;
			productType = "com.apple.product-type.bundle.ui-testing";
		};
/* End PBXNativeTarget section */

/* Begin PBXProject section */
		72372AD32370C8C100ED24DE /* Project object */ = {
			isa = PBXProject;
			attributes = {
				LastSwiftUpdateCheck = 1120;
				LastUpgradeCheck = 1120;
				ORGANIZATIONNAME = "Benjamin Turner";
				TargetAttributes = {
					72372ADA2370C8C100ED24DE = {
						CreatedOnToolsVersion = 11.2;
					};
					72372AF02370C8CB00ED24DE = {
						CreatedOnToolsVersion = 11.2;
						TestTargetID = 72372ADA2370C8C100ED24DE;
					};
					72372AFB2370C8CB00ED24DE = {
						CreatedOnToolsVersion = 11.2;
						TestTargetID = 72372ADA2370C8C100ED24DE;
					};
				};
			};
			buildConfigurationList = 72372AD62370C8C100ED24DE /* Build configuration list for PBXProject "MemoryBank" */;
			compatibilityVersion = "Xcode 9.3";
			developmentRegion = en;
			hasScannedForEncodings = 0;
			knownRegions = (
				en,
				Base,
			);
			mainGroup = 72372AD22370C8C100ED24DE;
			productRefGroup = 72372ADC2370C8C100ED24DE /* Products */;
			projectDirPath = "";
			projectRoot = "";
			targets = (
				72372ADA2370C8C100ED24DE /* MemoryBank */,
				72372AF02370C8CB00ED24DE /* MemoryBankTests */,
				72372AFB2370C8CB00ED24DE /* MemoryBankUITests */,
			);
		};
/* End PBXProject section */

/* Begin PBXResourcesBuildPhase section */
		72372AD92370C8C100ED24DE /* Resources */ = {
			isa = PBXResourcesBuildPhase;
			buildActionMask = 2147483647;
			files = (
				72372AEB2370C8CB00ED24DE /* LaunchScreen.storyboard in Resources */,
				72372AE82370C8CB00ED24DE /* Preview Assets.xcassets in Resources */,
				72372AE52370C8CB00ED24DE /* Assets.xcassets in Resources */,
			);
			runOnlyForDeploymentPostprocessing = 0;
		};
		72372AEF2370C8CB00ED24DE /* Resources */ = {
			isa = PBXResourcesBuildPhase;
			buildActionMask = 2147483647;
			files = (
			);
			runOnlyForDeploymentPostprocessing = 0;
		};
		72372AFA2370C8CB00ED24DE /* Resources */ = {
			isa = PBXResourcesBuildPhase;
			buildActionMask = 2147483647;
			files = (
			);
			runOnlyForDeploymentPostprocessing = 0;
		};
/* End PBXResourcesBuildPhase section */

/* Begin PBXSourcesBuildPhase section */
		72372AD72370C8C100ED24DE /* Sources */ = {
			isa = PBXSourcesBuildPhase;
			buildActionMask = 2147483647;
			files = (
				72372ADF2370C8C100ED24DE /* AppDelegate.swift in Sources */,
				72372AE12370C8C100ED24DE /* SceneDelegate.swift in Sources */,
				72372AE32370C8C100ED24DE /* ContentView.swift in Sources */,
			);
			runOnlyForDeploymentPostprocessing = 0;
		};
		72372AED2370C8CB00ED24DE /* Sources */ = {
			isa = PBXSourcesBuildPhase;
			buildActionMask = 2147483647;
			files = (
				72372AF62370C8CB00ED24DE /* MemoryBankTests.swift in Sources */,
			);
			runOnlyForDeploymentPostprocessing = 0;
		};
		72372AF82370C8CB00ED24DE /* Sources */ = {
			isa = PBXSourcesBuildPhase;
			buildActionMask = 2147483647;
			files = (
				72372B012370C8CB00ED24DE /* MemoryBankUITests.swift in Sources */,
			);
			runOnlyForDeploymentPostprocessing = 0;
		};
/* End PBXSourcesBuildPhase section */

/* Begin PBXTargetDependency section */
		72372AF32370C8CB00ED24DE /* PBXTargetDependency */ = {
			isa = PBXTargetDependency;
			target = 72372ADA2370C8C100ED24DE /* MemoryBank */;
			targetProxy = 72372AF22370C8CB00ED24DE /* PBXContainerItemProxy */;
		};
		72372AFE2370C8CB00ED24DE /* PBXTargetDependency */ = {
			isa = PBXTargetDependency;
			target = 72372ADA2370C8C100ED24DE /* MemoryBank */;
			targetProxy = 72372AFD2370C8CB00ED24DE /* PBXContainerItemProxy */;
		};
/* End PBXTargetDependency section */

/* Begin PBXVariantGroup section */
		72372AE92370C8CB00ED24DE /* LaunchScreen.storyboard */ = {
			isa = PBXVariantGroup;
			children = (
				72372AEA2370C8CB00ED24DE /* Base */,
			);
			name = LaunchScreen.storyboard;
			sourceTree = "<group>";
		};
/* End PBXVariantGroup section */

/* Begin XCBuildConfiguration section */
		72372B032370C8CB00ED24DE /* Debug */ = {
			isa = XCBuildConfiguration;
			buildSettings = {
				ALWAYS_SEARCH_USER_PATHS = NO;
				CLANG_ANALYZER_NONNULL = YES;
				CLANG_ANALYZER_NUMBER_OBJECT_CONVERSION = YES_AGGRESSIVE;
				CLANG_CXX_LANGUAGE_STANDARD = "gnu++14";
				CLANG_CXX_LIBRARY = "libc++";
				CLANG_ENABLE_MODULES = YES;
				CLANG_ENABLE_OBJC_ARC = YES;
				CLANG_ENABLE_OBJC_WEAK = YES;
				CLANG_WARN_BLOCK_CAPTURE_AUTORELEASING = YES;
				CLANG_WARN_BOOL_CONVERSION = YES;
				CLANG_WARN_COMMA = YES;
				CLANG_WARN_CONSTANT_CONVERSION = YES;
				CLANG_WARN_DEPRECATED_OBJC_IMPLEMENTATIONS = YES;
				CLANG_WARN_DIRECT_OBJC_ISA_USAGE = YES_ERROR;
				CLANG_WARN_DOCUMENTATION_COMMENTS = YES;
				CLANG_WARN_EMPTY_BODY = YES;
				CLANG_WARN_ENUM_CONVERSION = YES;
				CLANG_WARN_INFINITE_RECURSION = YES;
				CLANG_WARN_INT_CONVERSION = YES;
				CLANG_WARN_NON_LITERAL_NULL_CONVERSION = YES;
				CLANG_WARN_OBJC_IMPLICIT_RETAIN_SELF = YES;
				CLANG_WARN_OBJC_LITERAL_CONVERSION = YES;
				CLANG_WARN_OBJC_ROOT_CLASS = YES_ERROR;
				CLANG_WARN_RANGE_LOOP_ANALYSIS = YES;
				CLANG_WARN_STRICT_PROTOTYPES = YES;
				CLANG_WARN_SUSPICIOUS_MOVE = YES;
				CLANG_WARN_UNGUARDED_AVAILABILITY = YES_AGGRESSIVE;
				CLANG_WARN_UNREACHABLE_CODE = YES;
				CLANG_WARN__DUPLICATE_METHOD_MATCH = YES;
				COPY_PHASE_STRIP = NO;
				DEBUG_INFORMATION_FORMAT = dwarf;
				ENABLE_STRICT_OBJC_MSGSEND = YES;
				ENABLE_TESTABILITY = YES;
				GCC_C_LANGUAGE_STANDARD = gnu11;
				GCC_DYNAMIC_NO_PIC = NO;
				GCC_NO_COMMON_BLOCKS = YES;
				GCC_OPTIMIZATION_LEVEL = 0;
				GCC_PREPROCESSOR_DEFINITIONS = (
					"DEBUG=1",
					"$(inherited)",
				);
				GCC_WARN_64_TO_32_BIT_CONVERSION = YES;
				GCC_WARN_ABOUT_RETURN_TYPE = YES_ERROR;
				GCC_WARN_UNDECLARED_SELECTOR = YES;
				GCC_WARN_UNINITIALIZED_AUTOS = YES_AGGRESSIVE;
				GCC_WARN_UNUSED_FUNCTION = YES;
				GCC_WARN_UNUSED_VARIABLE = YES;
				IPHONEOS_DEPLOYMENT_TARGET = 13.2;
				MTL_ENABLE_DEBUG_INFO = INCLUDE_SOURCE;
				MTL_FAST_MATH = YES;
				ONLY_ACTIVE_ARCH = YES;
				SDKROOT = iphoneos;
				SWIFT_ACTIVE_COMPILATION_CONDITIONS = DEBUG;
				SWIFT_OPTIMIZATION_LEVEL = "-Onone";
			};
			name = Debug;
		};
		72372B042370C8CB00ED24DE /* Release */ = {
			isa = XCBuildConfiguration;
			buildSettings = {
				ALWAYS_SEARCH_USER_PATHS = NO;
				CLANG_ANALYZER_NONNULL = YES;
				CLANG_ANALYZER_NUMBER_OBJECT_CONVERSION = YES_AGGRESSIVE;
				CLANG_CXX_LANGUAGE_STANDARD = "gnu++14";
				CLANG_CXX_LIBRARY = "libc++";
				CLANG_ENABLE_MODULES = YES;
				CLANG_ENABLE_OBJC_ARC = YES;
				CLANG_ENABLE_OBJC_WEAK = YES;
				CLANG_WARN_BLOCK_CAPTURE_AUTORELEASING = YES;
				CLANG_WARN_BOOL_CONVERSION = YES;
				CLANG_WARN_COMMA = YES;
				CLANG_WARN_CONSTANT_CONVERSION = YES;
				CLANG_WARN_DEPRECATED_OBJC_IMPLEMENTATIONS = YES;
				CLANG_WARN_DIRECT_OBJC_ISA_USAGE = YES_ERROR;
				CLANG_WARN_DOCUMENTATION_COMMENTS = YES;
				CLANG_WARN_EMPTY_BODY = YES;
				CLANG_WARN_ENUM_CONVERSION = YES;
				CLANG_WARN_INFINITE_RECURSION = YES;
				CLANG_WARN_INT_CONVERSION = YES;
				CLANG_WARN_NON_LITERAL_NULL_CONVERSION = YES;
				CLANG_WARN_OBJC_IMPLICIT_RETAIN_SELF = YES;
				CLANG_WARN_OBJC_LITERAL_CONVERSION = YES;
				CLANG_WARN_OBJC_ROOT_CLASS = YES_ERROR;
				CLANG_WARN_RANGE_LOOP_ANALYSIS = YES;
				CLANG_WARN_STRICT_PROTOTYPES = YES;
				CLANG_WARN_SUSPICIOUS_MOVE = YES;
				CLANG_WARN_UNGUARDED_AVAILABILITY = YES_AGGRESSIVE;
				CLANG_WARN_UNREACHABLE_CODE = YES;
				CLANG_WARN__DUPLICATE_METHOD_MATCH = YES;
				COPY_PHASE_STRIP = NO;
				DEBUG_INFORMATION_FORMAT = "dwarf-with-dsym";
				ENABLE_NS_ASSERTIONS = NO;
				ENABLE_STRICT_OBJC_MSGSEND = YES;
				GCC_C_LANGUAGE_STANDARD = gnu11;
				GCC_NO_COMMON_BLOCKS = YES;
				GCC_WARN_64_TO_32_BIT_CONVERSION = YES;
				GCC_WARN_ABOUT_RETURN_TYPE = YES_ERROR;
				GCC_WARN_UNDECLARED_SELECTOR = YES;
				GCC_WARN_UNINITIALIZED_AUTOS = YES_AGGRESSIVE;
				GCC_WARN_UNUSED_FUNCTION = YES;
				GCC_WARN_UNUSED_VARIABLE = YES;
				IPHONEOS_DEPLOYMENT_TARGET = 13.2;
				MTL_ENABLE_DEBUG_INFO = NO;
				MTL_FAST_MATH = YES;
				SDKROOT = iphoneos;
				SWIFT_COMPILATION_MODE = wholemodule;
				SWIFT_OPTIMIZATION_LEVEL = "-O";
				VALIDATE_PRODUCT = YES;
			};
			name = Release;
		};
		72372B062370C8CB00ED24DE /* Debug */ = {
			isa = XCBuildConfiguration;
			buildSettings = {
				ASSETCATALOG_COMPILER_APPICON_NAME = AppIcon;
				CODE_SIGN_STYLE = Automatic;
				DEVELOPMENT_ASSET_PATHS = "\"MemoryBank/Preview Content\"";
				DEVELOPMENT_TEAM = 3CX35MN7CX;
				ENABLE_PREVIEWS = YES;
				INFOPLIST_FILE = MemoryBank/Info.plist;
				LD_RUNPATH_SEARCH_PATHS = (
					"$(inherited)",
					"@executable_path/Frameworks",
				);
				PRODUCT_BUNDLE_IDENTIFIER = EECS441.MemoryBank;
				PRODUCT_NAME = "$(TARGET_NAME)";
				SWIFT_VERSION = 5.0;
				TARGETED_DEVICE_FAMILY = "1,2";
			};
			name = Debug;
		};
		72372B072370C8CB00ED24DE /* Release */ = {
			isa = XCBuildConfiguration;
			buildSettings = {
				ASSETCATALOG_COMPILER_APPICON_NAME = AppIcon;
				CODE_SIGN_STYLE = Automatic;
				DEVELOPMENT_ASSET_PATHS = "\"MemoryBank/Preview Content\"";
				DEVELOPMENT_TEAM = 3CX35MN7CX;
				ENABLE_PREVIEWS = YES;
				INFOPLIST_FILE = MemoryBank/Info.plist;
				LD_RUNPATH_SEARCH_PATHS = (
					"$(inherited)",
					"@executable_path/Frameworks",
				);
				PRODUCT_BUNDLE_IDENTIFIER = EECS441.MemoryBank;
				PRODUCT_NAME = "$(TARGET_NAME)";
				SWIFT_VERSION = 5.0;
				TARGETED_DEVICE_FAMILY = "1,2";
			};
			name = Release;
		};
		72372B092370C8CB00ED24DE /* Debug */ = {
			isa = XCBuildConfiguration;
			buildSettings = {
				ALWAYS_EMBED_SWIFT_STANDARD_LIBRARIES = YES;
				BUNDLE_LOADER = "$(TEST_HOST)";
				CODE_SIGN_STYLE = Automatic;
				DEVELOPMENT_TEAM = 3CX35MN7CX;
				INFOPLIST_FILE = MemoryBankTests/Info.plist;
				IPHONEOS_DEPLOYMENT_TARGET = 13.2;
				LD_RUNPATH_SEARCH_PATHS = (
					"$(inherited)",
					"@executable_path/Frameworks",
					"@loader_path/Frameworks",
				);
				PRODUCT_BUNDLE_IDENTIFIER = EECS441.MemoryBankTests;
				PRODUCT_NAME = "$(TARGET_NAME)";
				SWIFT_VERSION = 5.0;
				TARGETED_DEVICE_FAMILY = "1,2";
				TEST_HOST = "$(BUILT_PRODUCTS_DIR)/MemoryBank.app/MemoryBank";
			};
			name = Debug;
		};
		72372B0A2370C8CB00ED24DE /* Release */ = {
			isa = XCBuildConfiguration;
			buildSettings = {
				ALWAYS_EMBED_SWIFT_STANDARD_LIBRARIES = YES;
				BUNDLE_LOADER = "$(TEST_HOST)";
				CODE_SIGN_STYLE = Automatic;
				DEVELOPMENT_TEAM = 3CX35MN7CX;
				INFOPLIST_FILE = MemoryBankTests/Info.plist;
				IPHONEOS_DEPLOYMENT_TARGET = 13.2;
				LD_RUNPATH_SEARCH_PATHS = (
					"$(inherited)",
					"@executable_path/Frameworks",
					"@loader_path/Frameworks",
				);
				PRODUCT_BUNDLE_IDENTIFIER = EECS441.MemoryBankTests;
				PRODUCT_NAME = "$(TARGET_NAME)";
				SWIFT_VERSION = 5.0;
				TARGETED_DEVICE_FAMILY = "1,2";
				TEST_HOST = "$(BUILT_PRODUCTS_DIR)/MemoryBank.app/MemoryBank";
			};
			name = Release;
		};
		72372B0C2370C8CB00ED24DE /* Debug */ = {
			isa = XCBuildConfiguration;
			buildSettings = {
				ALWAYS_EMBED_SWIFT_STANDARD_LIBRARIES = YES;
				CODE_SIGN_STYLE = Automatic;
				DEVELOPMENT_TEAM = 3CX35MN7CX;
				INFOPLIST_FILE = MemoryBankUITests/Info.plist;
				LD_RUNPATH_SEARCH_PATHS = (
					"$(inherited)",
					"@executable_path/Frameworks",
					"@loader_path/Frameworks",
				);
				PRODUCT_BUNDLE_IDENTIFIER = EECS441.MemoryBankUITests;
				PRODUCT_NAME = "$(TARGET_NAME)";
				SWIFT_VERSION = 5.0;
				TARGETED_DEVICE_FAMILY = "1,2";
				TEST_TARGET_NAME = MemoryBank;
			};
			name = Debug;
		};
		72372B0D2370C8CB00ED24DE /* Release */ = {
			isa = XCBuildConfiguration;
			buildSettings = {
				ALWAYS_EMBED_SWIFT_STANDARD_LIBRARIES = YES;
				CODE_SIGN_STYLE = Automatic;
				DEVELOPMENT_TEAM = 3CX35MN7CX;
				INFOPLIST_FILE = MemoryBankUITests/Info.plist;
				LD_RUNPATH_SEARCH_PATHS = (
					"$(inherited)",
					"@executable_path/Frameworks",
					"@loader_path/Frameworks",
				);
				PRODUCT_BUNDLE_IDENTIFIER = EECS441.MemoryBankUITests;
				PRODUCT_NAME = "$(TARGET_NAME)";
				SWIFT_VERSION = 5.0;
				TARGETED_DEVICE_FAMILY = "1,2";
				TEST_TARGET_NAME = MemoryBank;
			};
			name = Release;
		};
/* End XCBuildConfiguration section */

/* Begin XCConfigurationList section */
		72372AD62370C8C100ED24DE /* Build configuration list for PBXProject "MemoryBank" */ = {
			isa = XCConfigurationList;
			buildConfigurations = (
				72372B032370C8CB00ED24DE /* Debug */,
				72372B042370C8CB00ED24DE /* Release */,
			);
			defaultConfigurationIsVisible = 0;
			defaultConfigurationName = Release;
		};
		72372B052370C8CB00ED24DE /* Build configuration list for PBXNativeTarget "MemoryBank" */ = {
			isa = XCConfigurationList;
			buildConfigurations = (
				72372B062370C8CB00ED24DE /* Debug */,
				72372B072370C8CB00ED24DE /* Release */,
			);
			defaultConfigurationIsVisible = 0;
			defaultConfigurationName = Release;
		};
		72372B082370C8CB00ED24DE /* Build configuration list for PBXNativeTarget "MemoryBankTests" */ = {
			isa = XCConfigurationList;
			buildConfigurations = (
				72372B092370C8CB00ED24DE /* Debug */,
				72372B0A2370C8CB00ED24DE /* Release */,
			);
			defaultConfigurationIsVisible = 0;
			defaultConfigurationName = Release;
		};
		72372B0B2370C8CB00ED24DE /* Build configuration list for PBXNativeTarget "MemoryBankUITests" */ = {
			isa = XCConfigurationList;
			buildConfigurations = (
				72372B0C2370C8CB00ED24DE /* Debug */,
				72372B0D2370C8CB00ED24DE /* Release */,
			);
			defaultConfigurationIsVisible = 0;
			defaultConfigurationName = Release;
		};
/* End XCConfigurationList section */
	};
	rootObject = 72372AD32370C8C100ED24DE /* Project object */;
}
