// !$*UTF8*$!
{
	archiveVersion = 1;
	classes = {
	};
	objectVersion = 46;
	objects = {

/* Begin PBXBuildFile section */
		004087AE236FA086005A883B /* S3ImageDownloadViewController.swift in Sources */ = {isa = PBXBuildFile; fileRef = 004087AD236FA086005A883B /* S3ImageDownloadViewController.swift */; };
		17FC2F801E258FC500174015 /* AppDelegate.swift in Sources */ = {isa = PBXBuildFile; fileRef = 17FC2F7F1E258FC500174015 /* AppDelegate.swift */; };
		17FC2F851E258FC500174015 /* Family.storyboard in Resources */ = {isa = PBXBuildFile; fileRef = 17FC2F831E258FC500174015 /* Family.storyboard */; };
		17FC2F871E258FC500174015 /* Assets.xcassets in Resources */ = {isa = PBXBuildFile; fileRef = 17FC2F861E258FC500174015 /* Assets.xcassets */; };
		17FC2F9B1E259E0500174015 /* Constants.swift in Sources */ = {isa = PBXBuildFile; fileRef = 17FC2F9A1E259E0500174015 /* Constants.swift */; };
		17FC2F9D1E259E5D00174015 /* SignUpViewController.swift in Sources */ = {isa = PBXBuildFile; fileRef = 17FC2F9C1E259E5D00174015 /* SignUpViewController.swift */; };
		29D28096235D44770020EAFA /* S3ImageUploadViewController.swift in Sources */ = {isa = PBXBuildFile; fileRef = 29D28095235D44770020EAFA /* S3ImageUploadViewController.swift */; };
		29D28098235D48050020EAFA /* utils.swift in Sources */ = {isa = PBXBuildFile; fileRef = 29D28097235D48050020EAFA /* utils.swift */; };
		2A3607A22371B7B600A4C45B /* user.swift in Sources */ = {isa = PBXBuildFile; fileRef = 2A3607A12371B7B600A4C45B /* user.swift */; };
		2A4199D5238CAA46007EBEB7 /* TabViewController.swift in Sources */ = {isa = PBXBuildFile; fileRef = 2A4199D4238CAA46007EBEB7 /* TabViewController.swift */; };
		2A685B2D238B2A1E0002DD64 /* User.storyboard in Resources */ = {isa = PBXBuildFile; fileRef = 2A685B2C238B2A1E0002DD64 /* User.storyboard */; };
		2A6FE873238B364D00BE4BDE /* Settings.storyboard in Resources */ = {isa = PBXBuildFile; fileRef = 2A6FE872238B364D00BE4BDE /* Settings.storyboard */; };
		2A6FE875238B373200BE4BDE /* SettingsViewController.swift in Sources */ = {isa = PBXBuildFile; fileRef = 2A6FE874238B373200BE4BDE /* SettingsViewController.swift */; };
		2A6FE877238B375600BE4BDE /* HomeViewController.swift in Sources */ = {isa = PBXBuildFile; fileRef = 2A6FE876238B375600BE4BDE /* HomeViewController.swift */; };
		2A6FE879238B3B7D00BE4BDE /* NavigationViewController.swift in Sources */ = {isa = PBXBuildFile; fileRef = 2A6FE878238B3B7D00BE4BDE /* NavigationViewController.swift */; };
		2A6FE87B238B455800BE4BDE /* dateMonthlyCell.swift in Sources */ = {isa = PBXBuildFile; fileRef = 2A6FE87A238B455800BE4BDE /* dateMonthlyCell.swift */; };
		2A6FE87D238B45D200BE4BDE /* EventViewController.swift in Sources */ = {isa = PBXBuildFile; fileRef = 2A6FE87C238B45D200BE4BDE /* EventViewController.swift */; };
		2A6FE87F238C167100BE4BDE /* Events.storyboard in Resources */ = {isa = PBXBuildFile; fileRef = 2A6FE87E238C167100BE4BDE /* Events.storyboard */; };
		2A6FE881238C176300BE4BDE /* Messages.storyboard in Resources */ = {isa = PBXBuildFile; fileRef = 2A6FE880238C176300BE4BDE /* Messages.storyboard */; };
		2A6FE883238C17BC00BE4BDE /* Identify.storyboard in Resources */ = {isa = PBXBuildFile; fileRef = 2A6FE882238C17BC00BE4BDE /* Identify.storyboard */; };
		2A6FE885238C19C700BE4BDE /* CreateEventViewController.swift in Sources */ = {isa = PBXBuildFile; fileRef = 2A6FE884238C19C700BE4BDE /* CreateEventViewController.swift */; };
		2ABE72EE238C34980065A599 /* SignInViewController.swift in Sources */ = {isa = PBXBuildFile; fileRef = 2ABE72ED238C34980065A599 /* SignInViewController.swift */; };
		2ABE72F2238C3A420065A599 /* WelcomeViewController.swift in Sources */ = {isa = PBXBuildFile; fileRef = 2ABE72F1238C3A420065A599 /* WelcomeViewController.swift */; };
		2ABE72F3238C3C520065A599 /* OnboardSectionHeader.xib in Resources */ = {isa = PBXBuildFile; fileRef = 2ABE72EF238C39160065A599 /* OnboardSectionHeader.xib */; };
		AFB2012B4595F84606A7E894 /* Pods_memorybank.framework in Frameworks */ = {isa = PBXBuildFile; fileRef = 3419397352772BFF2FCA6C50 /* Pods_memorybank.framework */; };
/* End PBXBuildFile section */

/* Begin PBXFileReference section */
		004087AD236FA086005A883B /* S3ImageDownloadViewController.swift */ = {isa = PBXFileReference; lastKnownFileType = sourcecode.swift; path = S3ImageDownloadViewController.swift; sourceTree = "<group>"; };
		0C29FBE9C482CC400E7EB58E /* Pods-creko.debug.xcconfig */ = {isa = PBXFileReference; includeInIndex = 1; lastKnownFileType = text.xcconfig; name = "Pods-creko.debug.xcconfig"; path = "Pods/Target Support Files/Pods-creko/Pods-creko.debug.xcconfig"; sourceTree = "<group>"; };
		17FC2F7C1E258FC500174015 /* memorybank.app */ = {isa = PBXFileReference; explicitFileType = wrapper.application; includeInIndex = 0; path = memorybank.app; sourceTree = BUILT_PRODUCTS_DIR; };
		17FC2F7F1E258FC500174015 /* AppDelegate.swift */ = {isa = PBXFileReference; lastKnownFileType = sourcecode.swift; path = AppDelegate.swift; sourceTree = "<group>"; };
		17FC2F841E258FC500174015 /* Base */ = {isa = PBXFileReference; lastKnownFileType = file.storyboard; name = Base; path = Base.lproj/Family.storyboard; sourceTree = "<group>"; };
		17FC2F861E258FC500174015 /* Assets.xcassets */ = {isa = PBXFileReference; lastKnownFileType = folder.assetcatalog; path = Assets.xcassets; sourceTree = "<group>"; };
		17FC2F8B1E258FC500174015 /* Info.plist */ = {isa = PBXFileReference; lastKnownFileType = text.plist.xml; path = Info.plist; sourceTree = "<group>"; };
		17FC2F9A1E259E0500174015 /* Constants.swift */ = {isa = PBXFileReference; fileEncoding = 4; lastKnownFileType = sourcecode.swift; path = Constants.swift; sourceTree = "<group>"; };
		17FC2F9C1E259E5D00174015 /* SignUpViewController.swift */ = {isa = PBXFileReference; fileEncoding = 4; lastKnownFileType = sourcecode.swift; path = SignUpViewController.swift; sourceTree = "<group>"; };
		29D28095235D44770020EAFA /* S3ImageUploadViewController.swift */ = {isa = PBXFileReference; fileEncoding = 4; lastKnownFileType = sourcecode.swift; path = S3ImageUploadViewController.swift; sourceTree = "<group>"; };
		29D28097235D48050020EAFA /* utils.swift */ = {isa = PBXFileReference; lastKnownFileType = sourcecode.swift; path = utils.swift; sourceTree = "<group>"; };
		2A3607A12371B7B600A4C45B /* user.swift */ = {isa = PBXFileReference; lastKnownFileType = sourcecode.swift; path = user.swift; sourceTree = "<group>"; };
		2A4199D4238CAA46007EBEB7 /* TabViewController.swift */ = {isa = PBXFileReference; lastKnownFileType = sourcecode.swift; path = TabViewController.swift; sourceTree = "<group>"; };
		2A685B2C238B2A1E0002DD64 /* User.storyboard */ = {isa = PBXFileReference; lastKnownFileType = file.storyboard; path = User.storyboard; sourceTree = "<group>"; };
		2A6FE872238B364D00BE4BDE /* Settings.storyboard */ = {isa = PBXFileReference; lastKnownFileType = file.storyboard; path = Settings.storyboard; sourceTree = "<group>"; };
		2A6FE874238B373200BE4BDE /* SettingsViewController.swift */ = {isa = PBXFileReference; lastKnownFileType = sourcecode.swift; path = SettingsViewController.swift; sourceTree = "<group>"; };
		2A6FE876238B375600BE4BDE /* HomeViewController.swift */ = {isa = PBXFileReference; lastKnownFileType = sourcecode.swift; path = HomeViewController.swift; sourceTree = "<group>"; };
		2A6FE878238B3B7D00BE4BDE /* NavigationViewController.swift */ = {isa = PBXFileReference; lastKnownFileType = sourcecode.swift; path = NavigationViewController.swift; sourceTree = "<group>"; };
		2A6FE87A238B455800BE4BDE /* dateMonthlyCell.swift */ = {isa = PBXFileReference; lastKnownFileType = sourcecode.swift; path = dateMonthlyCell.swift; sourceTree = "<group>"; };
		2A6FE87C238B45D200BE4BDE /* EventViewController.swift */ = {isa = PBXFileReference; lastKnownFileType = sourcecode.swift; path = EventViewController.swift; sourceTree = "<group>"; };
		2A6FE87E238C167100BE4BDE /* Events.storyboard */ = {isa = PBXFileReference; lastKnownFileType = file.storyboard; path = Events.storyboard; sourceTree = "<group>"; };
		2A6FE880238C176300BE4BDE /* Messages.storyboard */ = {isa = PBXFileReference; lastKnownFileType = file.storyboard; path = Messages.storyboard; sourceTree = "<group>"; };
		2A6FE882238C17BC00BE4BDE /* Identify.storyboard */ = {isa = PBXFileReference; lastKnownFileType = file.storyboard; path = Identify.storyboard; sourceTree = "<group>"; };
		2A6FE884238C19C700BE4BDE /* CreateEventViewController.swift */ = {isa = PBXFileReference; lastKnownFileType = sourcecode.swift; path = CreateEventViewController.swift; sourceTree = "<group>"; };
		2ABE72ED238C34980065A599 /* SignInViewController.swift */ = {isa = PBXFileReference; lastKnownFileType = sourcecode.swift; path = SignInViewController.swift; sourceTree = "<group>"; };
		2ABE72EF238C39160065A599 /* OnboardSectionHeader.xib */ = {isa = PBXFileReference; lastKnownFileType = file.xib; path = OnboardSectionHeader.xib; sourceTree = "<group>"; };
		2ABE72F1238C3A420065A599 /* WelcomeViewController.swift */ = {isa = PBXFileReference; lastKnownFileType = sourcecode.swift; path = WelcomeViewController.swift; sourceTree = "<group>"; };
		2C2B343E53D3691AA7C740AE /* Pods-memorybank.release.xcconfig */ = {isa = PBXFileReference; includeInIndex = 1; lastKnownFileType = text.xcconfig; name = "Pods-memorybank.release.xcconfig"; path = "Pods/Target Support Files/Pods-memorybank/Pods-memorybank.release.xcconfig"; sourceTree = "<group>"; };
		2D8C9B52DE415302BA7B152A /* Pods-CognitoYourUserPoolsSample.release.xcconfig */ = {isa = PBXFileReference; includeInIndex = 1; lastKnownFileType = text.xcconfig; name = "Pods-CognitoYourUserPoolsSample.release.xcconfig"; path = "Pods/Target Support Files/Pods-CognitoYourUserPoolsSample/Pods-CognitoYourUserPoolsSample.release.xcconfig"; sourceTree = "<group>"; };
		3419397352772BFF2FCA6C50 /* Pods_memorybank.framework */ = {isa = PBXFileReference; explicitFileType = wrapper.framework; includeInIndex = 0; path = Pods_memorybank.framework; sourceTree = BUILT_PRODUCTS_DIR; };
		986B61E6285A06198EBBE2B8 /* Pods-memorybank.debug.xcconfig */ = {isa = PBXFileReference; includeInIndex = 1; lastKnownFileType = text.xcconfig; name = "Pods-memorybank.debug.xcconfig"; path = "Pods/Target Support Files/Pods-memorybank/Pods-memorybank.debug.xcconfig"; sourceTree = "<group>"; };
		B3896318C8CD13ABD7D4EE1D /* Pods-creko.release.xcconfig */ = {isa = PBXFileReference; includeInIndex = 1; lastKnownFileType = text.xcconfig; name = "Pods-creko.release.xcconfig"; path = "Pods/Target Support Files/Pods-creko/Pods-creko.release.xcconfig"; sourceTree = "<group>"; };
		DBEB9BB4F88788184F7DD583 /* Pods-CognitoYourUserPoolsSample.debug.xcconfig */ = {isa = PBXFileReference; includeInIndex = 1; lastKnownFileType = text.xcconfig; name = "Pods-CognitoYourUserPoolsSample.debug.xcconfig"; path = "Pods/Target Support Files/Pods-CognitoYourUserPoolsSample/Pods-CognitoYourUserPoolsSample.debug.xcconfig"; sourceTree = "<group>"; };
/* End PBXFileReference section */

/* Begin PBXFrameworksBuildPhase section */
		17FC2F791E258FC500174015 /* Frameworks */ = {
			isa = PBXFrameworksBuildPhase;
			buildActionMask = 2147483647;
			files = (
				AFB2012B4595F84606A7E894 /* Pods_memorybank.framework in Frameworks */,
			);
			runOnlyForDeploymentPostprocessing = 0;
		};
/* End PBXFrameworksBuildPhase section */

/* Begin PBXGroup section */
		17FC2F731E258FC500174015 = {
			isa = PBXGroup;
			children = (
				17FC2F7E1E258FC500174015 /* memorybank */,
				17FC2F7D1E258FC500174015 /* Products */,
				DB539DB17300E4375A37CCA6 /* Pods */,
				2B50A37AC16AACF9427C4F0F /* Frameworks */,
			);
			sourceTree = "<group>";
		};
		17FC2F7D1E258FC500174015 /* Products */ = {
			isa = PBXGroup;
			children = (
				17FC2F7C1E258FC500174015 /* memorybank.app */,
			);
			name = Products;
			sourceTree = "<group>";
		};
		17FC2F7E1E258FC500174015 /* memorybank */ = {
			isa = PBXGroup;
			children = (
				2A685B2B238B29D80002DD64 /* utils */,
				2A685B2A238B29C80002DD64 /* viewControllers */,
				2A685B29238B29B00002DD64 /* xibs */,
				2A685B27238B29A00002DD64 /* views */,
				2A685B26238B29870002DD64 /* storyboards */,
				2AFC8791238AD400004EF022 /* models */,
				17FC2F7F1E258FC500174015 /* AppDelegate.swift */,
				17FC2F861E258FC500174015 /* Assets.xcassets */,
				17FC2F8B1E258FC500174015 /* Info.plist */,
				17FC2F931E25909300174015 /* Supporting Files */,
				17FC2F9A1E259E0500174015 /* Constants.swift */,
			);
			path = memorybank;
			sourceTree = "<group>";
		};
		17FC2F931E25909300174015 /* Supporting Files */ = {
			isa = PBXGroup;
			children = (
			);
			name = "Supporting Files";
			sourceTree = "<group>";
		};
		2A685B26238B29870002DD64 /* storyboards */ = {
			isa = PBXGroup;
			children = (
				17FC2F831E258FC500174015 /* Family.storyboard */,
				2A685B2C238B2A1E0002DD64 /* User.storyboard */,
				2A6FE872238B364D00BE4BDE /* Settings.storyboard */,
				2A6FE87E238C167100BE4BDE /* Events.storyboard */,
				2A6FE880238C176300BE4BDE /* Messages.storyboard */,
				2A6FE882238C17BC00BE4BDE /* Identify.storyboard */,
			);
			path = storyboards;
			sourceTree = "<group>";
		};
		2A685B27238B29A00002DD64 /* views */ = {
			isa = PBXGroup;
			children = (
				2A6FE87A238B455800BE4BDE /* dateMonthlyCell.swift */,
			);
			path = views;
			sourceTree = "<group>";
		};
		2A685B29238B29B00002DD64 /* xibs */ = {
			isa = PBXGroup;
			children = (
				2ABE72EF238C39160065A599 /* OnboardSectionHeader.xib */,
			);
			path = xibs;
			sourceTree = "<group>";
		};
		2A685B2A238B29C80002DD64 /* viewControllers */ = {
			isa = PBXGroup;
			children = (
				17FC2F9C1E259E5D00174015 /* SignUpViewController.swift */,
				29D28095235D44770020EAFA /* S3ImageUploadViewController.swift */,
				004087AD236FA086005A883B /* S3ImageDownloadViewController.swift */,
				2A6FE874238B373200BE4BDE /* SettingsViewController.swift */,
				2A6FE876238B375600BE4BDE /* HomeViewController.swift */,
				2A6FE878238B3B7D00BE4BDE /* NavigationViewController.swift */,
				2A6FE87C238B45D200BE4BDE /* EventViewController.swift */,
				2A6FE884238C19C700BE4BDE /* CreateEventViewController.swift */,
				2ABE72ED238C34980065A599 /* SignInViewController.swift */,
				2ABE72F1238C3A420065A599 /* WelcomeViewController.swift */,
				2A4199D4238CAA46007EBEB7 /* TabViewController.swift */,
			);
			path = viewControllers;
			sourceTree = "<group>";
		};
		2A685B2B238B29D80002DD64 /* utils */ = {
			isa = PBXGroup;
			children = (
				29D28097235D48050020EAFA /* utils.swift */,
			);
			path = utils;
			sourceTree = "<group>";
		};
		2AFC8791238AD400004EF022 /* models */ = {
			isa = PBXGroup;
			children = (
				2A3607A12371B7B600A4C45B /* user.swift */,
			);
			path = models;
			sourceTree = "<group>";
		};
		2B50A37AC16AACF9427C4F0F /* Frameworks */ = {
			isa = PBXGroup;
			children = (
				3419397352772BFF2FCA6C50 /* Pods_memorybank.framework */,
			);
			name = Frameworks;
			sourceTree = "<group>";
		};
		DB539DB17300E4375A37CCA6 /* Pods */ = {
			isa = PBXGroup;
			children = (
				DBEB9BB4F88788184F7DD583 /* Pods-CognitoYourUserPoolsSample.debug.xcconfig */,
				2D8C9B52DE415302BA7B152A /* Pods-CognitoYourUserPoolsSample.release.xcconfig */,
				0C29FBE9C482CC400E7EB58E /* Pods-creko.debug.xcconfig */,
				B3896318C8CD13ABD7D4EE1D /* Pods-creko.release.xcconfig */,
				986B61E6285A06198EBBE2B8 /* Pods-memorybank.debug.xcconfig */,
				2C2B343E53D3691AA7C740AE /* Pods-memorybank.release.xcconfig */,
			);
			name = Pods;
			sourceTree = "<group>";
		};
/* End PBXGroup section */

/* Begin PBXNativeTarget section */
		17FC2F7B1E258FC500174015 /* memorybank */ = {
			isa = PBXNativeTarget;
			buildConfigurationList = 17FC2F8E1E258FC500174015 /* Build configuration list for PBXNativeTarget "memorybank" */;
			buildPhases = (
				2A6F4D1C912A849202344013 /* [CP] Check Pods Manifest.lock */,
				17FC2F781E258FC500174015 /* Sources */,
				17FC2F791E258FC500174015 /* Frameworks */,
				17FC2F7A1E258FC500174015 /* Resources */,
				E3AE3BC58D3D91C5DAC696FA /* [CP] Embed Pods Frameworks */,
			);
			buildRules = (
			);
			dependencies = (
			);
			name = memorybank;
			productName = CognitoYourUserPoolsSample;
			productReference = 17FC2F7C1E258FC500174015 /* memorybank.app */;
			productType = "com.apple.product-type.application";
		};
/* End PBXNativeTarget section */

/* Begin PBXProject section */
		17FC2F741E258FC500174015 /* Project object */ = {
			isa = PBXProject;
			attributes = {
				LastSwiftUpdateCheck = 0730;
				LastUpgradeCheck = 1020;
				ORGANIZATIONNAME = "Dubal, Rohan";
				TargetAttributes = {
					17FC2F7B1E258FC500174015 = {
						CreatedOnToolsVersion = 7.3.1;
						DevelopmentTeam = APHA6W5N27;
						LastSwiftMigration = 1020;
					};
				};
			};
			buildConfigurationList = 17FC2F771E258FC500174015 /* Build configuration list for PBXProject "memorybank" */;
			compatibilityVersion = "Xcode 3.2";
			developmentRegion = en;
			hasScannedForEncodings = 0;
			knownRegions = (
				en,
				Base,
			);
			mainGroup = 17FC2F731E258FC500174015;
			productRefGroup = 17FC2F7D1E258FC500174015 /* Products */;
			projectDirPath = "";
			projectRoot = "";
			targets = (
				17FC2F7B1E258FC500174015 /* memorybank */,
			);
		};
/* End PBXProject section */

/* Begin PBXResourcesBuildPhase section */
		17FC2F7A1E258FC500174015 /* Resources */ = {
			isa = PBXResourcesBuildPhase;
			buildActionMask = 2147483647;
			files = (
				2ABE72F3238C3C520065A599 /* OnboardSectionHeader.xib in Resources */,
				2A6FE881238C176300BE4BDE /* Messages.storyboard in Resources */,
				17FC2F871E258FC500174015 /* Assets.xcassets in Resources */,
				2A6FE883238C17BC00BE4BDE /* Identify.storyboard in Resources */,
				17FC2F851E258FC500174015 /* Family.storyboard in Resources */,
				2A685B2D238B2A1E0002DD64 /* User.storyboard in Resources */,
				2A6FE873238B364D00BE4BDE /* Settings.storyboard in Resources */,
				2A6FE87F238C167100BE4BDE /* Events.storyboard in Resources */,
			);
			runOnlyForDeploymentPostprocessing = 0;
		};
/* End PBXResourcesBuildPhase section */

/* Begin PBXShellScriptBuildPhase section */
		2A6F4D1C912A849202344013 /* [CP] Check Pods Manifest.lock */ = {
			isa = PBXShellScriptBuildPhase;
			buildActionMask = 2147483647;
			files = (
			);
			inputPaths = (
				"${PODS_PODFILE_DIR_PATH}/Podfile.lock",
				"${PODS_ROOT}/Manifest.lock",
			);
			name = "[CP] Check Pods Manifest.lock";
			outputPaths = (
				"$(DERIVED_FILE_DIR)/Pods-memorybank-checkManifestLockResult.txt",
			);
			runOnlyForDeploymentPostprocessing = 0;
			shellPath = /bin/sh;
			shellScript = "diff \"${PODS_PODFILE_DIR_PATH}/Podfile.lock\" \"${PODS_ROOT}/Manifest.lock\" > /dev/null\nif [ $? != 0 ] ; then\n    # print error to STDERR\n    echo \"error: The sandbox is not in sync with the Podfile.lock. Run 'pod install' or update your CocoaPods installation.\" >&2\n    exit 1\nfi\n# This output is used by Xcode 'outputs' to avoid re-running this script phase.\necho \"SUCCESS\" > \"${SCRIPT_OUTPUT_FILE_0}\"\n";
			showEnvVarsInLog = 0;
		};
		E3AE3BC58D3D91C5DAC696FA /* [CP] Embed Pods Frameworks */ = {
			isa = PBXShellScriptBuildPhase;
			buildActionMask = 2147483647;
			files = (
			);
			inputPaths = (
				"${PODS_ROOT}/Target Support Files/Pods-memorybank/Pods-memorybank-frameworks.sh",
				"${BUILT_PRODUCTS_DIR}/AWSCognitoIdentityProvider/AWSCognitoIdentityProvider.framework",
				"${BUILT_PRODUCTS_DIR}/AWSCognitoIdentityProviderASF/AWSCognitoIdentityProviderASF.framework",
				"${BUILT_PRODUCTS_DIR}/AWSCore/AWSCore.framework",
				"${BUILT_PRODUCTS_DIR}/AWSDynamoDB/AWSDynamoDB.framework",
				"${BUILT_PRODUCTS_DIR}/AWSRekognition/AWSRekognition.framework",
				"${BUILT_PRODUCTS_DIR}/AWSS3/AWSS3.framework",
				"${BUILT_PRODUCTS_DIR}/Alamofire/Alamofire.framework",
				"${BUILT_PRODUCTS_DIR}/Eureka/Eureka.framework",
				"${BUILT_PRODUCTS_DIR}/InputBarAccessoryView/InputBarAccessoryView.framework",
				"${BUILT_PRODUCTS_DIR}/JTAppleCalendar/JTAppleCalendar.framework",
				"${BUILT_PRODUCTS_DIR}/MessageKit/MessageKit.framework",
				"${BUILT_PRODUCTS_DIR}/SPAlert/SPAlert.framework",
			);
			name = "[CP] Embed Pods Frameworks";
			outputPaths = (
				"${TARGET_BUILD_DIR}/${FRAMEWORKS_FOLDER_PATH}/AWSCognitoIdentityProvider.framework",
				"${TARGET_BUILD_DIR}/${FRAMEWORKS_FOLDER_PATH}/AWSCognitoIdentityProviderASF.framework",
				"${TARGET_BUILD_DIR}/${FRAMEWORKS_FOLDER_PATH}/AWSCore.framework",
				"${TARGET_BUILD_DIR}/${FRAMEWORKS_FOLDER_PATH}/AWSDynamoDB.framework",
				"${TARGET_BUILD_DIR}/${FRAMEWORKS_FOLDER_PATH}/AWSRekognition.framework",
				"${TARGET_BUILD_DIR}/${FRAMEWORKS_FOLDER_PATH}/AWSS3.framework",
				"${TARGET_BUILD_DIR}/${FRAMEWORKS_FOLDER_PATH}/Alamofire.framework",
				"${TARGET_BUILD_DIR}/${FRAMEWORKS_FOLDER_PATH}/Eureka.framework",
				"${TARGET_BUILD_DIR}/${FRAMEWORKS_FOLDER_PATH}/InputBarAccessoryView.framework",
				"${TARGET_BUILD_DIR}/${FRAMEWORKS_FOLDER_PATH}/JTAppleCalendar.framework",
				"${TARGET_BUILD_DIR}/${FRAMEWORKS_FOLDER_PATH}/MessageKit.framework",
				"${TARGET_BUILD_DIR}/${FRAMEWORKS_FOLDER_PATH}/SPAlert.framework",
			);
			runOnlyForDeploymentPostprocessing = 0;
			shellPath = /bin/sh;
			shellScript = "\"${PODS_ROOT}/Target Support Files/Pods-memorybank/Pods-memorybank-frameworks.sh\"\n";
			showEnvVarsInLog = 0;
		};
/* End PBXShellScriptBuildPhase section */

/* Begin PBXSourcesBuildPhase section */
		17FC2F781E258FC500174015 /* Sources */ = {
			isa = PBXSourcesBuildPhase;
			buildActionMask = 2147483647;
			files = (
				004087AE236FA086005A883B /* S3ImageDownloadViewController.swift in Sources */,
				2ABE72F2238C3A420065A599 /* WelcomeViewController.swift in Sources */,
				2A6FE879238B3B7D00BE4BDE /* NavigationViewController.swift in Sources */,
				2A6FE87D238B45D200BE4BDE /* EventViewController.swift in Sources */,
				2A6FE885238C19C700BE4BDE /* CreateEventViewController.swift in Sources */,
				2A3607A22371B7B600A4C45B /* user.swift in Sources */,
				17FC2F9D1E259E5D00174015 /* SignUpViewController.swift in Sources */,
				17FC2F9B1E259E0500174015 /* Constants.swift in Sources */,
				2A4199D5238CAA46007EBEB7 /* TabViewController.swift in Sources */,
				2A6FE87B238B455800BE4BDE /* dateMonthlyCell.swift in Sources */,
				29D28098235D48050020EAFA /* utils.swift in Sources */,
				2A6FE877238B375600BE4BDE /* HomeViewController.swift in Sources */,
				29D28096235D44770020EAFA /* S3ImageUploadViewController.swift in Sources */,
				2ABE72EE238C34980065A599 /* SignInViewController.swift in Sources */,
				17FC2F801E258FC500174015 /* AppDelegate.swift in Sources */,
				2A6FE875238B373200BE4BDE /* SettingsViewController.swift in Sources */,
			);
			runOnlyForDeploymentPostprocessing = 0;
		};
/* End PBXSourcesBuildPhase section */

/* Begin PBXVariantGroup section */
		17FC2F831E258FC500174015 /* Family.storyboard */ = {
			isa = PBXVariantGroup;
			children = (
				17FC2F841E258FC500174015 /* Base */,
			);
			name = Family.storyboard;
			sourceTree = "<group>";
		};
/* End PBXVariantGroup section */

/* Begin XCBuildConfiguration section */
		17FC2F8C1E258FC500174015 /* Debug */ = {
			isa = XCBuildConfiguration;
			buildSettings = {
				ALWAYS_SEARCH_USER_PATHS = NO;
				CLANG_ANALYZER_LOCALIZABILITY_NONLOCALIZED = YES;
				CLANG_ANALYZER_NONNULL = YES;
				CLANG_CXX_LANGUAGE_STANDARD = "gnu++0x";
				CLANG_CXX_LIBRARY = "libc++";
				CLANG_ENABLE_MODULES = YES;
				CLANG_ENABLE_OBJC_ARC = YES;
				CLANG_WARN_BLOCK_CAPTURE_AUTORELEASING = YES;
				CLANG_WARN_BOOL_CONVERSION = YES;
				CLANG_WARN_COMMA = YES;
				CLANG_WARN_CONSTANT_CONVERSION = YES;
				CLANG_WARN_DEPRECATED_OBJC_IMPLEMENTATIONS = YES;
				CLANG_WARN_DIRECT_OBJC_ISA_USAGE = YES_ERROR;
				CLANG_WARN_EMPTY_BODY = YES;
				CLANG_WARN_ENUM_CONVERSION = YES;
				CLANG_WARN_INFINITE_RECURSION = YES;
				CLANG_WARN_INT_CONVERSION = YES;
				CLANG_WARN_NON_LITERAL_NULL_CONVERSION = YES;
				CLANG_WARN_OBJC_IMPLICIT_RETAIN_SELF = YES;
				CLANG_WARN_OBJC_LITERAL_CONVERSION = YES;
				CLANG_WARN_OBJC_ROOT_CLASS = YES_ERROR;
				CLANG_WARN_RANGE_LOOP_ANALYSIS = YES;
				CLANG_WARN_STRICT_PROTOTYPES = YES;
				CLANG_WARN_SUSPICIOUS_MOVE = YES;
				CLANG_WARN_UNREACHABLE_CODE = YES;
				CLANG_WARN__DUPLICATE_METHOD_MATCH = YES;
				"CODE_SIGN_IDENTITY[sdk=iphoneos*]" = "iPhone Developer";
				COPY_PHASE_STRIP = NO;
				DEBUG_INFORMATION_FORMAT = dwarf;
				ENABLE_STRICT_OBJC_MSGSEND = YES;
				ENABLE_TESTABILITY = YES;
				GCC_C_LANGUAGE_STANDARD = gnu99;
				GCC_DYNAMIC_NO_PIC = NO;
				GCC_NO_COMMON_BLOCKS = YES;
				GCC_OPTIMIZATION_LEVEL = 0;
				GCC_PREPROCESSOR_DEFINITIONS = (
					"DEBUG=1",
					"$(inherited)",
				);
				GCC_WARN_64_TO_32_BIT_CONVERSION = YES;
				GCC_WARN_ABOUT_RETURN_TYPE = YES_ERROR;
				GCC_WARN_UNDECLARED_SELECTOR = YES;
				GCC_WARN_UNINITIALIZED_AUTOS = YES_AGGRESSIVE;
				GCC_WARN_UNUSED_FUNCTION = YES;
				GCC_WARN_UNUSED_VARIABLE = YES;
				IPHONEOS_DEPLOYMENT_TARGET = 9.3;
				MTL_ENABLE_DEBUG_INFO = YES;
				ONLY_ACTIVE_ARCH = YES;
				SDKROOT = iphoneos;
				SWIFT_OPTIMIZATION_LEVEL = "-Onone";
				TARGETED_DEVICE_FAMILY = "1,2";
			};
			name = Debug;
		};
		17FC2F8D1E258FC500174015 /* Release */ = {
			isa = XCBuildConfiguration;
			buildSettings = {
				ALWAYS_SEARCH_USER_PATHS = NO;
				CLANG_ANALYZER_LOCALIZABILITY_NONLOCALIZED = YES;
				CLANG_ANALYZER_NONNULL = YES;
				CLANG_CXX_LANGUAGE_STANDARD = "gnu++0x";
				CLANG_CXX_LIBRARY = "libc++";
				CLANG_ENABLE_MODULES = YES;
				CLANG_ENABLE_OBJC_ARC = YES;
				CLANG_WARN_BLOCK_CAPTURE_AUTORELEASING = YES;
				CLANG_WARN_BOOL_CONVERSION = YES;
				CLANG_WARN_COMMA = YES;
				CLANG_WARN_CONSTANT_CONVERSION = YES;
				CLANG_WARN_DEPRECATED_OBJC_IMPLEMENTATIONS = YES;
				CLANG_WARN_DIRECT_OBJC_ISA_USAGE = YES_ERROR;
				CLANG_WARN_EMPTY_BODY = YES;
				CLANG_WARN_ENUM_CONVERSION = YES;
				CLANG_WARN_INFINITE_RECURSION = YES;
				CLANG_WARN_INT_CONVERSION = YES;
				CLANG_WARN_NON_LITERAL_NULL_CONVERSION = YES;
				CLANG_WARN_OBJC_IMPLICIT_RETAIN_SELF = YES;
				CLANG_WARN_OBJC_LITERAL_CONVERSION = YES;
				CLANG_WARN_OBJC_ROOT_CLASS = YES_ERROR;
				CLANG_WARN_RANGE_LOOP_ANALYSIS = YES;
				CLANG_WARN_STRICT_PROTOTYPES = YES;
				CLANG_WARN_SUSPICIOUS_MOVE = YES;
				CLANG_WARN_UNREACHABLE_CODE = YES;
				CLANG_WARN__DUPLICATE_METHOD_MATCH = YES;
				"CODE_SIGN_IDENTITY[sdk=iphoneos*]" = "iPhone Developer";
				COPY_PHASE_STRIP = NO;
				DEBUG_INFORMATION_FORMAT = "dwarf-with-dsym";
				ENABLE_NS_ASSERTIONS = NO;
				ENABLE_STRICT_OBJC_MSGSEND = YES;
				GCC_C_LANGUAGE_STANDARD = gnu99;
				GCC_NO_COMMON_BLOCKS = YES;
				GCC_WARN_64_TO_32_BIT_CONVERSION = YES;
				GCC_WARN_ABOUT_RETURN_TYPE = YES_ERROR;
				GCC_WARN_UNDECLARED_SELECTOR = YES;
				GCC_WARN_UNINITIALIZED_AUTOS = YES_AGGRESSIVE;
				GCC_WARN_UNUSED_FUNCTION = YES;
				GCC_WARN_UNUSED_VARIABLE = YES;
				IPHONEOS_DEPLOYMENT_TARGET = 9.3;
				MTL_ENABLE_DEBUG_INFO = NO;
				SDKROOT = iphoneos;
				SWIFT_OPTIMIZATION_LEVEL = "-Owholemodule";
				TARGETED_DEVICE_FAMILY = "1,2";
				VALIDATE_PRODUCT = YES;
			};
			name = Release;
		};
		17FC2F8F1E258FC500174015 /* Debug */ = {
			isa = XCBuildConfiguration;
			baseConfigurationReference = 986B61E6285A06198EBBE2B8 /* Pods-memorybank.debug.xcconfig */;
			buildSettings = {
				ASSETCATALOG_COMPILER_APPICON_NAME = AppIcon;
				DEVELOPMENT_TEAM = APHA6W5N27;
				INFOPLIST_FILE = "$(SRCROOT)/memorybank/Info.plist";
				IPHONEOS_DEPLOYMENT_TARGET = 9.3;
				LD_RUNPATH_SEARCH_PATHS = "$(inherited) @executable_path/Frameworks";
				PRODUCT_BUNDLE_IDENTIFIER = com.amazonaws.CognitoYourUserPoolsSample;
				PRODUCT_NAME = "$(TARGET_NAME)";
				SWIFT_VERSION = 5.0;
			};
			name = Debug;
		};
		17FC2F901E258FC500174015 /* Release */ = {
			isa = XCBuildConfiguration;
			baseConfigurationReference = 2C2B343E53D3691AA7C740AE /* Pods-memorybank.release.xcconfig */;
			buildSettings = {
				ASSETCATALOG_COMPILER_APPICON_NAME = AppIcon;
				DEVELOPMENT_TEAM = APHA6W5N27;
				INFOPLIST_FILE = "$(SRCROOT)/memorybank/Info.plist";
				IPHONEOS_DEPLOYMENT_TARGET = 9.3;
				LD_RUNPATH_SEARCH_PATHS = "$(inherited) @executable_path/Frameworks";
				PRODUCT_BUNDLE_IDENTIFIER = com.amazonaws.CognitoYourUserPoolsSample;
				PRODUCT_NAME = "$(TARGET_NAME)";
				SWIFT_VERSION = 5.0;
			};
			name = Release;
		};
/* End XCBuildConfiguration section */

/* Begin XCConfigurationList section */
		17FC2F771E258FC500174015 /* Build configuration list for PBXProject "memorybank" */ = {
			isa = XCConfigurationList;
			buildConfigurations = (
				17FC2F8C1E258FC500174015 /* Debug */,
				17FC2F8D1E258FC500174015 /* Release */,
			);
			defaultConfigurationIsVisible = 0;
			defaultConfigurationName = Release;
		};
		17FC2F8E1E258FC500174015 /* Build configuration list for PBXNativeTarget "memorybank" */ = {
			isa = XCConfigurationList;
			buildConfigurations = (
				17FC2F8F1E258FC500174015 /* Debug */,
				17FC2F901E258FC500174015 /* Release */,
			);
			defaultConfigurationIsVisible = 0;
			defaultConfigurationName = Release;
		};
/* End XCConfigurationList section */
	};
	rootObject = 17FC2F741E258FC500174015 /* Project object */;
}
